// !$*UTF8*$!
{
	archiveVersion = 1;
	classes = {
	};
	objectVersion = 46;
	objects = {

/* Begin PBXBuildFile section */
		4C83501B1FEA2DD6002A4F8F /* AppDelegate.swift in Sources */ = {isa = PBXBuildFile; fileRef = 4C83501A1FEA2DD6002A4F8F /* AppDelegate.swift */; };
		4C83501D1FEA2DD6002A4F8F /* RecordSoundsViewController.swift in Sources */ = {isa = PBXBuildFile; fileRef = 4C83501C1FEA2DD6002A4F8F /* RecordSoundsViewController.swift */; };
		4C8350201FEA2DD6002A4F8F /* Main.storyboard in Resources */ = {isa = PBXBuildFile; fileRef = 4C83501E1FEA2DD6002A4F8F /* Main.storyboard */; };
		4C8350221FEA2DD6002A4F8F /* Assets.xcassets in Resources */ = {isa = PBXBuildFile; fileRef = 4C8350211FEA2DD6002A4F8F /* Assets.xcassets */; };
		4C8350251FEA2DD6002A4F8F /* LaunchScreen.storyboard in Resources */ = {isa = PBXBuildFile; fileRef = 4C8350231FEA2DD6002A4F8F /* LaunchScreen.storyboard */; };
		4C8350301FEA2DD7002A4F8F /* PixelPerfectTests.swift in Sources */ = {isa = PBXBuildFile; fileRef = 4C83502F1FEA2DD7002A4F8F /* PixelPerfectTests.swift */; };
		4CAEA85C1FF612BC00EF768D /* PlaySoundsViewController.swift in Sources */ = {isa = PBXBuildFile; fileRef = 4CAEA85B1FF612BC00EF768D /* PlaySoundsViewController.swift */; };
/* End PBXBuildFile section */

/* Begin PBXContainerItemProxy section */
		4C83502C1FEA2DD7002A4F8F /* PBXContainerItemProxy */ = {
			isa = PBXContainerItemProxy;
			containerPortal = 4C83500F1FEA2DD6002A4F8F /* Project object */;
			proxyType = 1;
			remoteGlobalIDString = 4C8350161FEA2DD6002A4F8F;
			remoteInfo = PixelPerfect;
		};
/* End PBXContainerItemProxy section */

/* Begin PBXFileReference section */
		4C8350171FEA2DD6002A4F8F /* PixelPerfect.app */ = {isa = PBXFileReference; explicitFileType = wrapper.application; includeInIndex = 0; path = PixelPerfect.app; sourceTree = BUILT_PRODUCTS_DIR; };
		4C83501A1FEA2DD6002A4F8F /* AppDelegate.swift */ = {isa = PBXFileReference; lastKnownFileType = sourcecode.swift; path = AppDelegate.swift; sourceTree = "<group>"; };
		4C83501C1FEA2DD6002A4F8F /* RecordSoundsViewController.swift */ = {isa = PBXFileReference; lastKnownFileType = sourcecode.swift; path = RecordSoundsViewController.swift; sourceTree = "<group>"; };
		4C83501F1FEA2DD6002A4F8F /* Base */ = {isa = PBXFileReference; lastKnownFileType = file.storyboard; name = Base; path = Base.lproj/Main.storyboard; sourceTree = "<group>"; };
		4C8350211FEA2DD6002A4F8F /* Assets.xcassets */ = {isa = PBXFileReference; lastKnownFileType = folder.assetcatalog; path = Assets.xcassets; sourceTree = "<group>"; };
		4C8350241FEA2DD6002A4F8F /* Base */ = {isa = PBXFileReference; lastKnownFileType = file.storyboard; name = Base; path = Base.lproj/LaunchScreen.storyboard; sourceTree = "<group>"; };
		4C8350261FEA2DD6002A4F8F /* Info.plist */ = {isa = PBXFileReference; lastKnownFileType = text.plist.xml; path = Info.plist; sourceTree = "<group>"; };
		4C83502B1FEA2DD7002A4F8F /* PixelPerfectTests.xctest */ = {isa = PBXFileReference; explicitFileType = wrapper.cfbundle; includeInIndex = 0; path = PixelPerfectTests.xctest; sourceTree = BUILT_PRODUCTS_DIR; };
		4C83502F1FEA2DD7002A4F8F /* PixelPerfectTests.swift */ = {isa = PBXFileReference; lastKnownFileType = sourcecode.swift; path = PixelPerfectTests.swift; sourceTree = "<group>"; };
		4C8350311FEA2DD7002A4F8F /* Info.plist */ = {isa = PBXFileReference; lastKnownFileType = text.plist.xml; path = Info.plist; sourceTree = "<group>"; };
		4CAEA85B1FF612BC00EF768D /* PlaySoundsViewController.swift */ = {isa = PBXFileReference; fileEncoding = 4; lastKnownFileType = sourcecode.swift; path = PlaySoundsViewController.swift; sourceTree = "<group>"; };
/* End PBXFileReference section */

/* Begin PBXFrameworksBuildPhase section */
		4C8350141FEA2DD6002A4F8F /* Frameworks */ = {
			isa = PBXFrameworksBuildPhase;
			buildActionMask = 2147483647;
			files = (
			);
			runOnlyForDeploymentPostprocessing = 0;
		};
		4C8350281FEA2DD7002A4F8F /* Frameworks */ = {
			isa = PBXFrameworksBuildPhase;
			buildActionMask = 2147483647;
			files = (
			);
			runOnlyForDeploymentPostprocessing = 0;
		};
/* End PBXFrameworksBuildPhase section */

/* Begin PBXGroup section */
		4C83500E1FEA2DD6002A4F8F = {
			isa = PBXGroup;
			children = (
				4C8350191FEA2DD6002A4F8F /* PixelPerfect */,
				4C83502E1FEA2DD7002A4F8F /* PixelPerfectTests */,
				4C8350181FEA2DD6002A4F8F /* Products */,
			);
			sourceTree = "<group>";
		};
		4C8350181FEA2DD6002A4F8F /* Products */ = {
			isa = PBXGroup;
			children = (
				4C8350171FEA2DD6002A4F8F /* PixelPerfect.app */,
				4C83502B1FEA2DD7002A4F8F /* PixelPerfectTests.xctest */,
			);
			name = Products;
			sourceTree = "<group>";
		};
		4C8350191FEA2DD6002A4F8F /* PixelPerfect */ = {
			isa = PBXGroup;
			children = (
				4C83501A1FEA2DD6002A4F8F /* AppDelegate.swift */,
				4C83501C1FEA2DD6002A4F8F /* RecordSoundsViewController.swift */,
				4CAEA85B1FF612BC00EF768D /* PlaySoundsViewController.swift */,
				4C83501E1FEA2DD6002A4F8F /* Main.storyboard */,
				4C8350211FEA2DD6002A4F8F /* Assets.xcassets */,
				4C8350231FEA2DD6002A4F8F /* LaunchScreen.storyboard */,
				4C8350261FEA2DD6002A4F8F /* Info.plist */,
			);
			path = PixelPerfect;
			sourceTree = "<group>";
		};
		4C83502E1FEA2DD7002A4F8F /* PixelPerfectTests */ = {
			isa = PBXGroup;
			children = (
				4C83502F1FEA2DD7002A4F8F /* PixelPerfectTests.swift */,
				4C8350311FEA2DD7002A4F8F /* Info.plist */,
			);
			path = PixelPerfectTests;
			sourceTree = "<group>";
		};
/* End PBXGroup section */

/* Begin PBXNativeTarget section */
		4C8350161FEA2DD6002A4F8F /* PixelPerfect */ = {
			isa = PBXNativeTarget;
			buildConfigurationList = 4C8350341FEA2DD7002A4F8F /* Build configuration list for PBXNativeTarget "PixelPerfect" */;
			buildPhases = (
				4C8350131FEA2DD6002A4F8F /* Sources */,
				4C8350141FEA2DD6002A4F8F /* Frameworks */,
				4C8350151FEA2DD6002A4F8F /* Resources */,
			);
			buildRules = (
			);
			dependencies = (
			);
			name = PixelPerfect;
			productName = PixelPerfect;
			productReference = 4C8350171FEA2DD6002A4F8F /* PixelPerfect.app */;
			productType = "com.apple.product-type.application";
		};
		4C83502A1FEA2DD7002A4F8F /* PixelPerfectTests */ = {
			isa = PBXNativeTarget;
			buildConfigurationList = 4C8350371FEA2DD7002A4F8F /* Build configuration list for PBXNativeTarget "PixelPerfectTests" */;
			buildPhases = (
				4C8350271FEA2DD7002A4F8F /* Sources */,
				4C8350281FEA2DD7002A4F8F /* Frameworks */,
				4C8350291FEA2DD7002A4F8F /* Resources */,
			);
			buildRules = (
			);
			dependencies = (
				4C83502D1FEA2DD7002A4F8F /* PBXTargetDependency */,
			);
			name = PixelPerfectTests;
			productName = PixelPerfectTests;
			productReference = 4C83502B1FEA2DD7002A4F8F /* PixelPerfectTests.xctest */;
			productType = "com.apple.product-type.bundle.unit-test";
		};
/* End PBXNativeTarget section */

/* Begin PBXProject section */
		4C83500F1FEA2DD6002A4F8F /* Project object */ = {
			isa = PBXProject;
			attributes = {
				LastSwiftUpdateCheck = 0820;
				LastUpgradeCheck = 0820;
				ORGANIZATIONNAME = "G KAVYA";
				TargetAttributes = {
					4C8350161FEA2DD6002A4F8F = {
						CreatedOnToolsVersion = 8.2;
						ProvisioningStyle = Automatic;
					};
					4C83502A1FEA2DD7002A4F8F = {
						CreatedOnToolsVersion = 8.2;
						ProvisioningStyle = Automatic;
						TestTargetID = 4C8350161FEA2DD6002A4F8F;
					};
				};
			};
			buildConfigurationList = 4C8350121FEA2DD6002A4F8F /* Build configuration list for PBXProject "PixelPerfect" */;
			compatibilityVersion = "Xcode 3.2";
			developmentRegion = English;
			hasScannedForEncodings = 0;
			knownRegions = (
				en,
				Base,
			);
			mainGroup = 4C83500E1FEA2DD6002A4F8F;
			productRefGroup = 4C8350181FEA2DD6002A4F8F /* Products */;
			projectDirPath = "";
			projectRoot = "";
			targets = (
				4C8350161FEA2DD6002A4F8F /* PixelPerfect */,
				4C83502A1FEA2DD7002A4F8F /* PixelPerfectTests */,
			);
		};
/* End PBXProject section */

/* Begin PBXResourcesBuildPhase section */
		4C8350151FEA2DD6002A4F8F /* Resources */ = {
			isa = PBXResourcesBuildPhase;
			buildActionMask = 2147483647;
			files = (
				4C8350251FEA2DD6002A4F8F /* LaunchScreen.storyboard in Resources */,
				4C8350221FEA2DD6002A4F8F /* Assets.xcassets in Resources */,
				4C8350201FEA2DD6002A4F8F /* Main.storyboard in Resources */,
			);
			runOnlyForDeploymentPostprocessing = 0;
		};
		4C8350291FEA2DD7002A4F8F /* Resources */ = {
			isa = PBXResourcesBuildPhase;
			buildActionMask = 2147483647;
			files = (
			);
			runOnlyForDeploymentPostprocessing = 0;
		};
/* End PBXResourcesBuildPhase section */

/* Begin PBXSourcesBuildPhase section */
		4C8350131FEA2DD6002A4F8F /* Sources */ = {
			isa = PBXSourcesBuildPhase;
			buildActionMask = 2147483647;
			files = (
				4C83501D1FEA2DD6002A4F8F /* RecordSoundsViewController.swift in Sources */,
				4CAEA85C1FF612BC00EF768D /* PlaySoundsViewController.swift in Sources */,
				4C83501B1FEA2DD6002A4F8F /* AppDelegate.swift in Sources */,
			);
			runOnlyForDeploymentPostprocessing = 0;
		};
		4C8350271FEA2DD7002A4F8F /* Sources */ = {
			isa = PBXSourcesBuildPhase;
			buildActionMask = 2147483647;
			files = (
				4C8350301FEA2DD7002A4F8F /* PixelPerfectTests.swift in Sources */,
			);
			runOnlyForDeploymentPostprocessing = 0;
		};
/* End PBXSourcesBuildPhase section */

/* Begin PBXTargetDependency section */
		4C83502D1FEA2DD7002A4F8F /* PBXTargetDependency */ = {
			isa = PBXTargetDependency;
			target = 4C8350161FEA2DD6002A4F8F /* PixelPerfect */;
			targetProxy = 4C83502C1FEA2DD7002A4F8F /* PBXContainerItemProxy */;
		};
/* End PBXTargetDependency section */

/* Begin PBXVariantGroup section */
		4C83501E1FEA2DD6002A4F8F /* Main.storyboard */ = {
			isa = PBXVariantGroup;
			children = (
				4C83501F1FEA2DD6002A4F8F /* Base */,
			);
			name = Main.storyboard;
			sourceTree = "<group>";
		};
		4C8350231FEA2DD6002A4F8F /* LaunchScreen.storyboard */ = {
			isa = PBXVariantGroup;
			children = (
				4C8350241FEA2DD6002A4F8F /* Base */,
			);
			name = LaunchScreen.storyboard;
			sourceTree = "<group>";
		};
/* End PBXVariantGroup section */

/* Begin XCBuildConfiguration section */
		4C8350321FEA2DD7002A4F8F /* Debug */ = {
			isa = XCBuildConfiguration;
			buildSettings = {
				ALWAYS_SEARCH_USER_PATHS = NO;
				CLANG_ANALYZER_NONNULL = YES;
				CLANG_CXX_LANGUAGE_STANDARD = "gnu++0x";
				CLANG_CXX_LIBRARY = "libc++";
				CLANG_ENABLE_MODULES = YES;
				CLANG_ENABLE_OBJC_ARC = YES;
				CLANG_WARN_BOOL_CONVERSION = YES;
				CLANG_WARN_CONSTANT_CONVERSION = YES;
				CLANG_WARN_DIRECT_OBJC_ISA_USAGE = YES_ERROR;
				CLANG_WARN_DOCUMENTATION_COMMENTS = YES;
				CLANG_WARN_EMPTY_BODY = YES;
				CLANG_WARN_ENUM_CONVERSION = YES;
				CLANG_WARN_INFINITE_RECURSION = YES;
				CLANG_WARN_INT_CONVERSION = YES;
				CLANG_WARN_OBJC_ROOT_CLASS = YES_ERROR;
				CLANG_WARN_SUSPICIOUS_MOVE = YES;
				CLANG_WARN_UNREACHABLE_CODE = YES;
				CLANG_WARN__DUPLICATE_METHOD_MATCH = YES;
				"CODE_SIGN_IDENTITY[sdk=iphoneos*]" = "iPhone Developer";
				COPY_PHASE_STRIP = NO;
				DEBUG_INFORMATION_FORMAT = dwarf;
				ENABLE_STRICT_OBJC_MSGSEND = YES;
				ENABLE_TESTABILITY = YES;
				GCC_C_LANGUAGE_STANDARD = gnu99;
				GCC_DYNAMIC_NO_PIC = NO;
				GCC_NO_COMMON_BLOCKS = YES;
				GCC_OPTIMIZATION_LEVEL = 0;
				GCC_PREPROCESSOR_DEFINITIONS = (
					"DEBUG=1",
					"$(inherited)",
				);
				GCC_WARN_64_TO_32_BIT_CONVERSION = YES;
				GCC_WARN_ABOUT_RETURN_TYPE = YES_ERROR;
				GCC_WARN_UNDECLARED_SELECTOR = YES;
				GCC_WARN_UNINITIALIZED_AUTOS = YES_AGGRESSIVE;
				GCC_WARN_UNUSED_FUNCTION = YES;
				GCC_WARN_UNUSED_VARIABLE = YES;
				IPHONEOS_DEPLOYMENT_TARGET = 10.2;
				MTL_ENABLE_DEBUG_INFO = YES;
				ONLY_ACTIVE_ARCH = YES;
				SDKROOT = iphoneos;
				SWIFT_ACTIVE_COMPILATION_CONDITIONS = DEBUG;
				SWIFT_OPTIMIZATION_LEVEL = "-Onone";
				TARGETED_DEVICE_FAMILY = "1,2";
			};
			name = Debug;
		};
		4C8350331FEA2DD7002A4F8F /* Release */ = {
			isa = XCBuildConfiguration;
			buildSettings = {
				ALWAYS_SEARCH_USER_PATHS = NO;
				CLANG_ANALYZER_NONNULL = YES;
				CLANG_CXX_LANGUAGE_STANDARD = "gnu++0x";
				CLANG_CXX_LIBRARY = "libc++";
				CLANG_ENABLE_MODULES = YES;
				CLANG_ENABLE_OBJC_ARC = YES;
				CLANG_WARN_BOOL_CONVERSION = YES;
				CLANG_WARN_CONSTANT_CONVERSION = YES;
				CLANG_WARN_DIRECT_OBJC_ISA_USAGE = YES_ERROR;
				CLANG_WARN_DOCUMENTATION_COMMENTS = YES;
				CLANG_WARN_EMPTY_BODY = YES;
				CLANG_WARN_ENUM_CONVERSION = YES;
				CLANG_WARN_INFINITE_RECURSION = YES;
				CLANG_WARN_INT_CONVERSION = YES;
				CLANG_WARN_OBJC_ROOT_CLASS = YES_ERROR;
				CLANG_WARN_SUSPICIOUS_MOVE = YES;
				CLANG_WARN_UNREACHABLE_CODE = YES;
				CLANG_WARN__DUPLICATE_METHOD_MATCH = YES;
				"CODE_SIGN_IDENTITY[sdk=iphoneos*]" = "iPhone Developer";
				COPY_PHASE_STRIP = NO;
				DEBUG_INFORMATION_FORMAT = "dwarf-with-dsym";
				ENABLE_NS_ASSERTIONS = NO;
				ENABLE_STRICT_OBJC_MSGSEND = YES;
				GCC_C_LANGUAGE_STANDARD = gnu99;
				GCC_NO_COMMON_BLOCKS = YES;
				GCC_WARN_64_TO_32_BIT_CONVERSION = YES;
				GCC_WARN_ABOUT_RETURN_TYPE = YES_ERROR;
				GCC_WARN_UNDECLARED_SELECTOR = YES;
				GCC_WARN_UNINITIALIZED_AUTOS = YES_AGGRESSIVE;
				GCC_WARN_UNUSED_FUNCTION = YES;
				GCC_WARN_UNUSED_VARIABLE = YES;
				IPHONEOS_DEPLOYMENT_TARGET = 10.2;
				MTL_ENABLE_DEBUG_INFO = NO;
				SDKROOT = iphoneos;
				SWIFT_OPTIMIZATION_LEVEL = "-Owholemodule";
				TARGETED_DEVICE_FAMILY = "1,2";
				VALIDATE_PRODUCT = YES;
			};
			name = Release;
		};
		4C8350351FEA2DD7002A4F8F /* Debug */ = {
			isa = XCBuildConfiguration;
			buildSettings = {
				ASSETCATALOG_COMPILER_APPICON_NAME = AppIcon;
				INFOPLIST_FILE = PixelPerfect/Info.plist;
				LD_RUNPATH_SEARCH_PATHS = "$(inherited) @executable_path/Frameworks";
				PRODUCT_BUNDLE_IDENTIFIER = PixelPerfect.PixelPerfect;
				PRODUCT_NAME = "$(TARGET_NAME)";
				SWIFT_VERSION = 3.0;
			};
			name = Debug;
		};
		4C8350361FEA2DD7002A4F8F /* Release */ = {
			isa = XCBuildConfiguration;
			buildSettings = {
				ASSETCATALOG_COMPILER_APPICON_NAME = AppIcon;
				INFOPLIST_FILE = PixelPerfect/Info.plist;
				LD_RUNPATH_SEARCH_PATHS = "$(inherited) @executable_path/Frameworks";
				PRODUCT_BUNDLE_IDENTIFIER = PixelPerfect.PixelPerfect;
				PRODUCT_NAME = "$(TARGET_NAME)";
				SWIFT_VERSION = 3.0;
			};
			name = Release;
		};
		4C8350381FEA2DD7002A4F8F /* Debug */ = {
			isa = XCBuildConfiguration;
			buildSettings = {
				ALWAYS_EMBED_SWIFT_STANDARD_LIBRARIES = YES;
				BUNDLE_LOADER = "$(TEST_HOST)";
				INFOPLIST_FILE = PixelPerfectTests/Info.plist;
				LD_RUNPATH_SEARCH_PATHS = "$(inherited) @executable_path/Frameworks @loader_path/Frameworks";
				PRODUCT_BUNDLE_IDENTIFIER = PixelPerfect.PixelPerfectTests;
				PRODUCT_NAME = "$(TARGET_NAME)";
				SWIFT_VERSION = 3.0;
				TEST_HOST = "$(BUILT_PRODUCTS_DIR)/PixelPerfect.app/PixelPerfect";
			};
			name = Debug;
		};
		4C8350391FEA2DD7002A4F8F /* Release */ = {
			isa = XCBuildConfiguration;
			buildSettings = {
				ALWAYS_EMBED_SWIFT_STANDARD_LIBRARIES = YES;
				BUNDLE_LOADER = "$(TEST_HOST)";
				INFOPLIST_FILE = PixelPerfectTests/Info.plist;
				LD_RUNPATH_SEARCH_PATHS = "$(inherited) @executable_path/Frameworks @loader_path/Frameworks";
				PRODUCT_BUNDLE_IDENTIFIER = PixelPerfect.PixelPerfectTests;
				PRODUCT_NAME = "$(TARGET_NAME)";
				SWIFT_VERSION = 3.0;
				TEST_HOST = "$(BUILT_PRODUCTS_DIR)/PixelPerfect.app/PixelPerfect";
			};
			name = Release;
		};
/* End XCBuildConfiguration section */

/* Begin XCConfigurationList section */
		4C8350121FEA2DD6002A4F8F /* Build configuration list for PBXProject "PixelPerfect" */ = {
			isa = XCConfigurationList;
			buildConfigurations = (
				4C8350321FEA2DD7002A4F8F /* Debug */,
				4C8350331FEA2DD7002A4F8F /* Release */,
			);
			defaultConfigurationIsVisible = 0;
			defaultConfigurationName = Release;
		};
		4C8350341FEA2DD7002A4F8F /* Build configuration list for PBXNativeTarget "PixelPerfect" */ = {
			isa = XCConfigurationList;
			buildConfigurations = (
				4C8350351FEA2DD7002A4F8F /* Debug */,
				4C8350361FEA2DD7002A4F8F /* Release */,
			);
			defaultConfigurationIsVisible = 0;
			defaultConfigurationName = Release;
		};
		4C8350371FEA2DD7002A4F8F /* Build configuration list for PBXNativeTarget "PixelPerfectTests" */ = {
			isa = XCConfigurationList;
			buildConfigurations = (
				4C8350381FEA2DD7002A4F8F /* Debug */,
				4C8350391FEA2DD7002A4F8F /* Release */,
			);
			defaultConfigurationIsVisible = 0;
			defaultConfigurationName = Release;
		};
/* End XCConfigurationList section */
	};
	rootObject = 4C83500F1FEA2DD6002A4F8F /* Project object */;
}
